<?xml version="1.0" encoding="utf-8"?>
<Project ToolsVersion="4.0" xmlns="http://schemas.microsoft.com/developer/msbuild/2003">
  <ItemGroup>
    <Filter Include="win32">
      <UniqueIdentifier>{84a8ebd7-7cf0-47f6-b75e-d441df67da40}</UniqueIdentifier>
    </Filter>
    <Filter Include="Classes">
      <UniqueIdentifier>{bb6c862e-70e9-49d9-81b7-3829a6f50471}</UniqueIdentifier>
    </Filter>
    <Filter Include="resource">
      <UniqueIdentifier>{715254bc-d70b-4ec5-bf29-467dd3ace079}</UniqueIdentifier>
    </Filter>
    <Filter Include="Classes\launcher">
      <UniqueIdentifier>{ae90da2f-e80e-4838-b714-c93675d82b5a}</UniqueIdentifier>
    </Filter>
    <Filter Include="Classes\mainmenu">
      <UniqueIdentifier>{fb739437-e0f5-479f-bca5-0c1f91e8d303}</UniqueIdentifier>
    </Filter>
    <Filter Include="Classes\battle">
      <UniqueIdentifier>{b5bd49b4-443f-46b7-be50-03ff21bae1f0}</UniqueIdentifier>
    </Filter>
    <Filter Include="Classes\battle\role">
      <UniqueIdentifier>{e7fcf1d1-7bd6-4e16-b751-96381849fd4c}</UniqueIdentifier>
    </Filter>
  </ItemGroup>
  <ItemGroup>
    <ClCompile Include="main.cpp">
      <Filter>win32</Filter>
    </ClCompile>
    <ClCompile Include="..\Classes\AppDelegate.cpp">
      <Filter>Classes</Filter>
    </ClCompile>
    <ClCompile Include="..\Classes\HelloWorldScene.cpp">
      <Filter>Classes\launcher</Filter>
    </ClCompile>
    <ClCompile Include="..\Classes\FConfig.cpp">
      <Filter>Classes\launcher</Filter>
    </ClCompile>
    <ClCompile Include="..\Classes\FLauncher.cpp">
      <Filter>Classes\launcher</Filter>
    </ClCompile>
    <ClCompile Include="..\Classes\MainMenu.cpp">
      <Filter>Classes\mainmenu</Filter>
    </ClCompile>
    <ClCompile Include="..\Classes\BattleController.cpp">
      <Filter>Classes\battle</Filter>
    </ClCompile>
    <ClCompile Include="..\Classes\BattleMap.cpp">
      <Filter>Classes\battle</Filter>
    </ClCompile>
    <ClCompile Include="..\Classes\Role.cpp">
      <Filter>Classes\battle\role</Filter>
    </ClCompile>
    <ClCompile Include="..\Classes\BattleRole.cpp">
      <Filter>Classes\battle\role</Filter>
    </ClCompile>
  </ItemGroup>
  <ItemGroup>
    <ClInclude Include="main.h">
      <Filter>win32</Filter>
    </ClInclude>
    <ClInclude Include="..\Classes\AppDelegate.h">
      <Filter>Classes</Filter>
    </ClInclude>
    <ClInclude Include="..\Classes\HelloWorldScene.h">
      <Filter>Classes\launcher</Filter>
    </ClInclude>
    <ClInclude Include="..\Classes\RPGHead.h">
      <Filter>Classes\launcher</Filter>
    </ClInclude>
    <ClInclude Include="..\Classes\FConfig.h">
      <Filter>Classes\launcher</Filter>
    </ClInclude>
    <ClInclude Include="..\Classes\FLauncher.h">
      <Filter>Classes\launcher</Filter>
    </ClInclude>
    <ClInclude Include="..\Classes\MainMenu.h">
      <Filter>Classes\mainmenu</Filter>
    </ClInclude>
    <ClInclude Include="..\Classes\BattleController.h">
      <Filter>Classes\battle</Filter>
    </ClInclude>
    <ClInclude Include="..\Classes\BattleConfig.h">
      <Filter>Classes\battle</Filter>
    </ClInclude>
    <ClInclude Include="..\Classes\BattleMap.h">
      <Filter>Classes\battle</Filter>
    </ClInclude>
    <ClInclude Include="..\Classes\Role.h">
      <Filter>Classes\battle\role</Filter>
    </ClInclude>
    <ClInclude Include="..\Classes\BattleRole.h">
      <Filter>Classes\battle\role</Filter>
    </ClInclude>
  </ItemGroup>
  <ItemGroup>
    <ResourceCompile Include="game.rc">
      <Filter>resource</Filter>
    </ResourceCompile>
  </ItemGroup>
</Project>