<?xml version="1.0" encoding="utf-8"?>
<Project ToolsVersion="4.0" xmlns="http://schemas.microsoft.com/developer/msbuild/2003">
  <ItemGroup>
    <Filter Include="win32">
      <UniqueIdentifier>{84a8ebd7-7cf0-47f6-b75e-d441df67da40}</UniqueIdentifier>
    </Filter>
    <Filter Include="Classes">
      <UniqueIdentifier>{bb6c862e-70e9-49d9-81b7-3829a6f50471}</UniqueIdentifier>
    </Filter>
    <Filter Include="resource">
      <UniqueIdentifier>{715254bc-d70b-4ec5-bf29-467dd3ace079}</UniqueIdentifier>
    </Filter>
    <Filter Include="Classes\battle">
      <UniqueIdentifier>{daf89bf0-fd2a-417d-a66b-faea6138d8cc}</UniqueIdentifier>
    </Filter>
    <Filter Include="Classes\role">
      <UniqueIdentifier>{d548b286-84c9-4919-b0a4-cdb54959de94}</UniqueIdentifier>
    </Filter>
    <Filter Include="Classes\battle\role">
      <UniqueIdentifier>{c8a18294-0648-4c6b-b887-c99d9f0bb4c3}</UniqueIdentifier>
    </Filter>
    <Filter Include="Classes\battle\role\script">
      <UniqueIdentifier>{2ec474d9-b978-47d2-a7d1-6ed586221912}</UniqueIdentifier>
    </Filter>
    <Filter Include="Classes\launcher">
      <UniqueIdentifier>{e0908432-724c-416f-ba0d-aea69b4bc9f8}</UniqueIdentifier>
    </Filter>
    <Filter Include="Classes\battle\role\command">
      <UniqueIdentifier>{1d1757b1-94bb-4506-86b8-d809c864d338}</UniqueIdentifier>
    </Filter>
    <Filter Include="Classes\battle\role\animi">
      <UniqueIdentifier>{5875e7d0-e4fa-4f64-b30b-1be54b7c2375}</UniqueIdentifier>
    </Filter>
    <Filter Include="Classes\battle\map">
      <UniqueIdentifier>{23682571-8bd8-44b0-b140-3f8da63f3f73}</UniqueIdentifier>
    </Filter>
    <Filter Include="Classes\battle\follow">
      <UniqueIdentifier>{3b60df1c-57ca-4ff5-a3d2-67de8821ce9e}</UniqueIdentifier>
    </Filter>
    <Filter Include="Classes\battle\event">
      <UniqueIdentifier>{477cbf39-53ed-4243-b17d-33336ba55da8}</UniqueIdentifier>
    </Filter>
  </ItemGroup>
  <ItemGroup>
    <ClCompile Include="main.cpp">
      <Filter>win32</Filter>
    </ClCompile>
    <ClCompile Include="..\Classes\AppDelegate.cpp">
      <Filter>Classes</Filter>
    </ClCompile>
    <ClCompile Include="..\Classes\VirtualKeyboard.cpp" />
    <ClCompile Include="..\Classes\Role.cpp">
      <Filter>Classes\role</Filter>
    </ClCompile>
    <ClCompile Include="..\Classes\RoleScript.cpp">
      <Filter>Classes\battle\role\script</Filter>
    </ClCompile>
    <ClCompile Include="..\Classes\RobotScript.cpp">
      <Filter>Classes\battle\role\script</Filter>
    </ClCompile>
    <ClCompile Include="..\Classes\QConfig.cpp">
      <Filter>Classes\launcher</Filter>
    </ClCompile>
    <ClCompile Include="..\Classes\SGLauncher.cpp">
      <Filter>Classes\launcher</Filter>
    </ClCompile>
    <ClCompile Include="..\Classes\HelloWorldScene.cpp">
      <Filter>Classes\launcher</Filter>
    </ClCompile>
    <ClCompile Include="..\Classes\Heros.cpp">
      <Filter>Classes\battle\role</Filter>
    </ClCompile>
    <ClCompile Include="..\Classes\TouchPad.cpp">
      <Filter>Classes\battle</Filter>
    </ClCompile>
    <ClCompile Include="..\Classes\BattleController.cpp">
      <Filter>Classes\battle</Filter>
    </ClCompile>
    <ClCompile Include="..\Classes\Command.cpp">
      <Filter>Classes\battle\role\command</Filter>
    </ClCompile>
    <ClCompile Include="..\Classes\HeroControl.cpp">
      <Filter>Classes\battle\role\command</Filter>
    </ClCompile>
    <ClCompile Include="..\Classes\MapControl.cpp">
      <Filter>Classes\battle\map</Filter>
    </ClCompile>
    <ClCompile Include="..\Classes\HeroRole.cpp">
      <Filter>Classes\battle\role</Filter>
    </ClCompile>
    <ClCompile Include="..\Classes\FollowRole.cpp">
      <Filter>Classes\battle\follow</Filter>
    </ClCompile>
    <ClCompile Include="..\Classes\FollowRoles.cpp">
      <Filter>Classes\battle\follow</Filter>
    </ClCompile>
    <ClCompile Include="..\Classes\HeroAnimi.cpp">
      <Filter>Classes\battle\role\animi</Filter>
    </ClCompile>
    <ClCompile Include="..\Classes\Event.cpp">
      <Filter>Classes\battle\event</Filter>
    </ClCompile>
  </ItemGroup>
  <ItemGroup>
    <ClInclude Include="main.h">
      <Filter>win32</Filter>
    </ClInclude>
    <ClInclude Include="..\Classes\AppDelegate.h">
      <Filter>Classes</Filter>
    </ClInclude>
    <ClInclude Include="..\Classes\VirtualKeyboard.h" />
    <ClInclude Include="..\Classes\Role.h">
      <Filter>Classes\role</Filter>
    </ClInclude>
    <ClInclude Include="..\Classes\RoleType.h">
      <Filter>Classes\role</Filter>
    </ClInclude>
    <ClInclude Include="..\Classes\RoleScript.h">
      <Filter>Classes\battle\role\script</Filter>
    </ClInclude>
    <ClInclude Include="..\Classes\RobotScript.h">
      <Filter>Classes\battle\role\script</Filter>
    </ClInclude>
    <ClInclude Include="..\Classes\QConfig.h">
      <Filter>Classes\launcher</Filter>
    </ClInclude>
    <ClInclude Include="..\Classes\RPGHead.h">
      <Filter>Classes\launcher</Filter>
    </ClInclude>
    <ClInclude Include="..\Classes\SGLauncher.h">
      <Filter>Classes\launcher</Filter>
    </ClInclude>
    <ClInclude Include="..\Classes\HelloWorldScene.h">
      <Filter>Classes\launcher</Filter>
    </ClInclude>
    <ClInclude Include="..\Classes\Heros.h">
      <Filter>Classes\battle\role</Filter>
    </ClInclude>
    <ClInclude Include="..\Classes\TouchControl.h">
      <Filter>Classes\battle</Filter>
    </ClInclude>
    <ClInclude Include="..\Classes\TouchPad.h">
      <Filter>Classes\battle</Filter>
    </ClInclude>
    <ClInclude Include="..\Classes\BattleController.h">
      <Filter>Classes\battle</Filter>
    </ClInclude>
    <ClInclude Include="..\Classes\Command.h">
      <Filter>Classes\battle\role\command</Filter>
    </ClInclude>
    <ClInclude Include="..\Classes\HeroControl.h">
      <Filter>Classes\battle\role\command</Filter>
    </ClInclude>
    <ClInclude Include="..\Classes\MapControl.h">
      <Filter>Classes\battle\map</Filter>
    </ClInclude>
    <ClInclude Include="..\Classes\HeroRole.h">
      <Filter>Classes\battle\role</Filter>
    </ClInclude>
    <ClInclude Include="..\Classes\FollowRole.h">
      <Filter>Classes\battle\follow</Filter>
    </ClInclude>
    <ClInclude Include="..\Classes\FollowRoles.h">
      <Filter>Classes\battle\follow</Filter>
    </ClInclude>
    <ClInclude Include="..\Classes\HeroAnimi.h">
      <Filter>Classes\battle\role\animi</Filter>
    </ClInclude>
    <ClInclude Include="..\Classes\Event.h">
      <Filter>Classes\battle\event</Filter>
    </ClInclude>
  </ItemGroup>
  <ItemGroup>
    <ResourceCompile Include="game.rc">
      <Filter>resource</Filter>
    </ResourceCompile>
  </ItemGroup>
</Project>