<?xml version="1.0" encoding="utf-8"?>
<Project ToolsVersion="4.0" xmlns="http://schemas.microsoft.com/developer/msbuild/2003">
  <ItemGroup>
    <Filter Include="win32">
      <UniqueIdentifier>{84a8ebd7-7cf0-47f6-b75e-d441df67da40}</UniqueIdentifier>
    </Filter>
    <Filter Include="Classes">
      <UniqueIdentifier>{bb6c862e-70e9-49d9-81b7-3829a6f50471}</UniqueIdentifier>
    </Filter>
    <Filter Include="resource">
      <UniqueIdentifier>{715254bc-d70b-4ec5-bf29-467dd3ace079}</UniqueIdentifier>
    </Filter>
    <Filter Include="Classes\role">
      <UniqueIdentifier>{d548b286-84c9-4919-b0a4-cdb54959de94}</UniqueIdentifier>
    </Filter>
    <Filter Include="Classes\role\script">
      <UniqueIdentifier>{2ec474d9-b978-47d2-a7d1-6ed586221912}</UniqueIdentifier>
    </Filter>
  </ItemGroup>
  <ItemGroup>
    <ClCompile Include="main.cpp">
      <Filter>win32</Filter>
    </ClCompile>
    <ClCompile Include="..\Classes\AppDelegate.cpp">
      <Filter>Classes</Filter>
    </ClCompile>
    <ClCompile Include="..\Classes\HelloWorldScene.cpp">
      <Filter>Classes</Filter>
    </ClCompile>
    <ClCompile Include="..\Classes\SGLauncher.cpp">
      <Filter>Classes</Filter>
    </ClCompile>
    <ClCompile Include="..\Classes\QConfig.cpp">
      <Filter>Classes</Filter>
    </ClCompile>
    <ClCompile Include="..\Classes\VirtualKeyboard.cpp" />
    <ClCompile Include="..\Classes\TouchPad.cpp">
      <Filter>Classes</Filter>
    </ClCompile>
    <ClCompile Include="..\Classes\BattleScene.cpp">
      <Filter>Classes</Filter>
    </ClCompile>
    <ClCompile Include="..\Classes\Role.cpp">
      <Filter>Classes\role</Filter>
    </ClCompile>
    <ClCompile Include="..\Classes\HeroRole.cpp">
      <Filter>Classes\role</Filter>
    </ClCompile>
    <ClCompile Include="..\Classes\RoleScript.cpp">
      <Filter>Classes\role\script</Filter>
    </ClCompile>
    <ClCompile Include="..\Classes\RobotScript.cpp">
      <Filter>Classes\role\script</Filter>
    </ClCompile>
  </ItemGroup>
  <ItemGroup>
    <ClInclude Include="main.h">
      <Filter>win32</Filter>
    </ClInclude>
    <ClInclude Include="..\Classes\AppDelegate.h">
      <Filter>Classes</Filter>
    </ClInclude>
    <ClInclude Include="..\Classes\HelloWorldScene.h">
      <Filter>Classes</Filter>
    </ClInclude>
    <ClInclude Include="..\Classes\SGLauncher.h">
      <Filter>Classes</Filter>
    </ClInclude>
    <ClInclude Include="..\Classes\QConfig.h">
      <Filter>Classes</Filter>
    </ClInclude>
    <ClInclude Include="..\Classes\VirtualKeyboard.h" />
    <ClInclude Include="..\Classes\TouchPad.h">
      <Filter>Classes</Filter>
    </ClInclude>
    <ClInclude Include="..\Classes\RPGHead.h">
      <Filter>Classes</Filter>
    </ClInclude>
    <ClInclude Include="..\Classes\BattleScene.h">
      <Filter>Classes</Filter>
    </ClInclude>
    <ClInclude Include="..\Classes\Role.h">
      <Filter>Classes\role</Filter>
    </ClInclude>
    <ClInclude Include="..\Classes\RoleType.h">
      <Filter>Classes\role</Filter>
    </ClInclude>
    <ClInclude Include="..\Classes\HeroRole.h">
      <Filter>Classes\role</Filter>
    </ClInclude>
    <ClInclude Include="..\Classes\RoleScript.h">
      <Filter>Classes\role\script</Filter>
    </ClInclude>
    <ClInclude Include="..\Classes\RobotScript.h">
      <Filter>Classes\role\script</Filter>
    </ClInclude>
    <ClInclude Include="..\Classes\TouchControl.h">
      <Filter>Classes</Filter>
    </ClInclude>
  </ItemGroup>
  <ItemGroup>
    <ResourceCompile Include="game.rc">
      <Filter>resource</Filter>
    </ResourceCompile>
  </ItemGroup>
</Project>